
Microsoft Visual Studio Solution File, Format Version 12.00
# Visual Studio Version 17
VisualStudioVersion = 17.4.33213.308
MinimumVisualStudioVersion = 10.0.40219.1
Project("{778DAE3C-4631-46EA-AA77-85C1314464D9}") = "GEMINI", "GEMINI.vbproj", "{751352B4-D889-4C93-8080-3B1768680442}"
EndProject
Project("{778DAE3C-4631-46EA-AA77-85C1314464D9}") = "SKK01CORE", "..\SKK01CORE\SKK01CORE.vbproj", "{B4DCDFF9-BF61-47BE-9040-60D79BE652AD}"
EndProject
Project("{778DAE3C-4631-46EA-AA77-85C1314464D9}") = "SKK40MERCHANDISE", "..\SKK40MERCHANDISE\SKK40MERCHANDISE.vbproj", "{6CC31AE3-4A0F-4896-B313-7A3FFA44996D}"
EndProject
Project("{778DAE3C-4631-46EA-AA77-85C1314464D9}") = "SKK02OBJECTS", "..\SKK02OBJECTS\SKK02OBJECTS.vbproj", "{2CEA5AD9-146E-4907-AB28-B61C3495BDD5}"
EndProject
Project("{9A19103F-16F7-4668-BE54-9A1E7A4F7556}") = "SKK03SECURITY", "..\SKK03SECURITY\SKK03SECURITY.csproj", "{E5D50290-B413-418E-A6A2-4CCAABA55F06}"
EndProject
Project("{778DAE3C-4631-46EA-AA77-85C1314464D9}") = "SKK50WAREHOUSE", "..\SKK50WAREHOUSE\SKK50WAREHOUSE.vbproj", "{2712B8D1-A494-4DB0-B3C7-478D18AADBAD}"
EndProject
Project("{778DAE3C-4631-46EA-AA77-85C1314464D9}") = "SKK04USER", "..\SKK04USER\SKK04USER.vbproj", "{35866C69-5EE7-46B6-9E99-69E67F992599}"
EndProject
Project("{F184B08F-C81C-45F6-A57F-5ABD9991F28F}") = "SKK05REPORT", "..\SKK05REPORT\SKK05REPORT\SKK05REPORT.vbproj", "{F3885913-40A0-46D4-84A5-F23AFC5077AB}"
EndProject
Project("{F184B08F-C81C-45F6-A57F-5ABD9991F28F}") = "SKK60INFORMATIONTECHNOLOGY", "..\SKK60INFORMATIONTECHNOLOGY\SKK60INFORMATIONTECHNOLOGY.vbproj", "{399E0CE0-790C-494C-91CD-1C3F40B6A072}"
EndProject
Project("{F184B08F-C81C-45F6-A57F-5ABD9991F28F}") = "wSo", "..\wSo\wSo.vbproj", "{B2730AE0-49BD-0AA5-D82C-46CA0438710D}"
EndProject
Global
	GlobalSection(SolutionConfigurationPlatforms) = preSolution
		Debug|Any CPU = Debug|Any CPU
		Release|Any CPU = Release|Any CPU
	EndGlobalSection
	GlobalSection(ProjectConfigurationPlatforms) = postSolution
		{751352B4-D889-4C93-8080-3B1768680442}.Debug|Any CPU.ActiveCfg = Debug|Any CPU
		{751352B4-D889-4C93-8080-3B1768680442}.Debug|Any CPU.Build.0 = Debug|Any CPU
		{751352B4-D889-4C93-8080-3B1768680442}.Release|Any CPU.ActiveCfg = Release|Any CPU
		{751352B4-D889-4C93-8080-3B1768680442}.Release|Any CPU.Build.0 = Release|Any CPU
		{B4DCDFF9-BF61-47BE-9040-60D79BE652AD}.Debug|Any CPU.ActiveCfg = Debug|Any CPU
		{B4DCDFF9-BF61-47BE-9040-60D79BE652AD}.Debug|Any CPU.Build.0 = Debug|Any CPU
		{B4DCDFF9-BF61-47BE-9040-60D79BE652AD}.Release|Any CPU.ActiveCfg = Release|Any CPU
		{B4DCDFF9-BF61-47BE-9040-60D79BE652AD}.Release|Any CPU.Build.0 = Release|Any CPU
		{6CC31AE3-4A0F-4896-B313-7A3FFA44996D}.Debug|Any CPU.ActiveCfg = Debug|Any CPU
		{6CC31AE3-4A0F-4896-B313-7A3FFA44996D}.Debug|Any CPU.Build.0 = Debug|Any CPU
		{6CC31AE3-4A0F-4896-B313-7A3FFA44996D}.Release|Any CPU.ActiveCfg = Release|Any CPU
		{6CC31AE3-4A0F-4896-B313-7A3FFA44996D}.Release|Any CPU.Build.0 = Release|Any CPU
		{2CEA5AD9-146E-4907-AB28-B61C3495BDD5}.Debug|Any CPU.ActiveCfg = Debug|Any CPU
		{2CEA5AD9-146E-4907-AB28-B61C3495BDD5}.Debug|Any CPU.Build.0 = Debug|Any CPU
		{2CEA5AD9-146E-4907-AB28-B61C3495BDD5}.Release|Any CPU.ActiveCfg = Release|Any CPU
		{2CEA5AD9-146E-4907-AB28-B61C3495BDD5}.Release|Any CPU.Build.0 = Release|Any CPU
		{E5D50290-B413-418E-A6A2-4CCAABA55F06}.Debug|Any CPU.ActiveCfg = Debug|Any CPU
		{E5D50290-B413-418E-A6A2-4CCAABA55F06}.Debug|Any CPU.Build.0 = Debug|Any CPU
		{E5D50290-B413-418E-A6A2-4CCAABA55F06}.Release|Any CPU.ActiveCfg = Release|Any CPU
		{E5D50290-B413-418E-A6A2-4CCAABA55F06}.Release|Any CPU.Build.0 = Release|Any CPU
		{2712B8D1-A494-4DB0-B3C7-478D18AADBAD}.Debug|Any CPU.ActiveCfg = Debug|Any CPU
		{2712B8D1-A494-4DB0-B3C7-478D18AADBAD}.Debug|Any CPU.Build.0 = Debug|Any CPU
		{2712B8D1-A494-4DB0-B3C7-478D18AADBAD}.Release|Any CPU.ActiveCfg = Release|Any CPU
		{2712B8D1-A494-4DB0-B3C7-478D18AADBAD}.Release|Any CPU.Build.0 = Release|Any CPU
		{35866C69-5EE7-46B6-9E99-69E67F992599}.Debug|Any CPU.ActiveCfg = Debug|Any CPU
		{35866C69-5EE7-46B6-9E99-69E67F992599}.Debug|Any CPU.Build.0 = Debug|Any CPU
		{35866C69-5EE7-46B6-9E99-69E67F992599}.Release|Any CPU.ActiveCfg = Release|Any CPU
		{35866C69-5EE7-46B6-9E99-69E67F992599}.Release|Any CPU.Build.0 = Release|Any CPU
		{F3885913-40A0-46D4-84A5-F23AFC5077AB}.Debug|Any CPU.ActiveCfg = Debug|Any CPU
		{F3885913-40A0-46D4-84A5-F23AFC5077AB}.Debug|Any CPU.Build.0 = Debug|Any CPU
		{F3885913-40A0-46D4-84A5-F23AFC5077AB}.Release|Any CPU.ActiveCfg = Release|Any CPU
		{F3885913-40A0-46D4-84A5-F23AFC5077AB}.Release|Any CPU.Build.0 = Release|Any CPU
		{399E0CE0-790C-494C-91CD-1C3F40B6A072}.Debug|Any CPU.ActiveCfg = Debug|Any CPU
		{399E0CE0-790C-494C-91CD-1C3F40B6A072}.Debug|Any CPU.Build.0 = Debug|Any CPU
		{399E0CE0-790C-494C-91CD-1C3F40B6A072}.Release|Any CPU.ActiveCfg = Release|Any CPU
		{399E0CE0-790C-494C-91CD-1C3F40B6A072}.Release|Any CPU.Build.0 = Release|Any CPU
		{B2730AE0-49BD-0AA5-D82C-46CA0438710D}.Debug|Any CPU.ActiveCfg = Debug|Any CPU
		{B2730AE0-49BD-0AA5-D82C-46CA0438710D}.Debug|Any CPU.Build.0 = Debug|Any CPU
		{B2730AE0-49BD-0AA5-D82C-46CA0438710D}.Release|Any CPU.ActiveCfg = Release|Any CPU
		{B2730AE0-49BD-0AA5-D82C-46CA0438710D}.Release|Any CPU.Build.0 = Release|Any CPU
	EndGlobalSection
	GlobalSection(SolutionProperties) = preSolution
		HideSolutionNode = FALSE
	EndGlobalSection
	GlobalSection(ExtensibilityGlobals) = postSolution
		SolutionGuid = {9F4D91B7-364D-426D-9407-324E98E2DAFE}
	EndGlobalSection
EndGlobal
